
Microsoft Visual Studio Solution File, Format Version 12.00
# Visual Studio 14
VisualStudioVersion = 14.0.23107.0
MinimumVisualStudioVersion = 10.0.40219.1
Project("{FAE04EC0-301F-11D3-BF4B-00C04F79EFBC}") = "DropboxBackupAnalyzer", "DropboxBackupAnalyzer.csproj", "{FAEC5214-A37E-4E23-A765-098EC6E0ADA3}"
EndProject
Global
	GlobalSection(SolutionConfigurationPlatforms) = preSolution
		Debug|Any CPU = Debug|Any CPU
		Release|Any CPU = Release|Any CPU
	EndGlobalSection
	GlobalSection(ProjectConfigurationPlatforms) = postSolution
		{FAEC5214-A37E-4E23-A765-098EC6E0ADA3}.Debug|Any CPU.ActiveCfg = Debug|Any CPU
		{FAEC5214-A37E-4E23-A765-098EC6E0ADA3}.Debug|Any CPU.Build.0 = Debug|Any CPU
		{FAEC5214-A37E-4E23-A765-098EC6E0ADA3}.Release|Any CPU.ActiveCfg = Release|Any CPU
		{FAEC5214-A37E-4E23-A765-098EC6E0ADA3}.Release|Any CPU.Build.0 = Release|Any CPU
	EndGlobalSection
	GlobalSection(SolutionProperties) = preSolution
		HideSolutionNode = FALSE
	EndGlobalSection
EndGlobal
